
Microsoft Visual Studio Solution File, Format Version 12.00
# Visual Studio Version 17
VisualStudioVersion = 17.4.33122.133
MinimumVisualStudioVersion = 10.0.40219.1
Project("{FAE04EC0-301F-11D3-BF4B-00C04F79EFBC}") = "EntityFrameworkMigration", "EntityFrameworkMigration\EntityFrameworkMigration.csproj", "{EF9D8B01-F04E-433E-87AC-8C2B39F9E663}"
EndProject
Project("{FAE04EC0-301F-11D3-BF4B-00C04F79EFBC}") = "EntityFrameworkMigrationTest", "EntityFrameworkMigrationTest\EntityFrameworkMigrationTest.csproj", "{FC328AD6-C576-4E49-A890-BB566ED4AAED}"
EndProject
Global
	GlobalSection(SolutionConfigurationPlatforms) = preSolution
		Debug|Any CPU = Debug|Any CPU
		Release|Any CPU = Release|Any CPU
	EndGlobalSection
	GlobalSection(ProjectConfigurationPlatforms) = postSolution
		{EF9D8B01-F04E-433E-87AC-8C2B39F9E663}.Debug|Any CPU.ActiveCfg = Debug|Any CPU
		{EF9D8B01-F04E-433E-87AC-8C2B39F9E663}.Debug|Any CPU.Build.0 = Debug|Any CPU
		{EF9D8B01-F04E-433E-87AC-8C2B39F9E663}.Release|Any CPU.ActiveCfg = Release|Any CPU
		{EF9D8B01-F04E-433E-87AC-8C2B39F9E663}.Release|Any CPU.Build.0 = Release|Any CPU
		{FC328AD6-C576-4E49-A890-BB566ED4AAED}.Debug|Any CPU.ActiveCfg = Debug|Any CPU
		{FC328AD6-C576-4E49-A890-BB566ED4AAED}.Debug|Any CPU.Build.0 = Debug|Any CPU
		{FC328AD6-C576-4E49-A890-BB566ED4AAED}.Release|Any CPU.ActiveCfg = Release|Any CPU
		{FC328AD6-C576-4E49-A890-BB566ED4AAED}.Release|Any CPU.Build.0 = Release|Any CPU
	EndGlobalSection
	GlobalSection(SolutionProperties) = preSolution
		HideSolutionNode = FALSE
	EndGlobalSection
	GlobalSection(ExtensibilityGlobals) = postSolution
		SolutionGuid = {CEADB39C-B690-48F1-9290-76734F87AC6C}
	EndGlobalSection
EndGlobal
